// !$*UTF8*$!
{
	archiveVersion = 1;
	classes = {
	};
	objectVersion = 52;
	objects = {

/* Begin PBXBuildFile section */
		F22EE10B2607BD0B0081BB13 /* SaveToFirebase.swift in Sources */ = {isa = PBXBuildFile; fileRef = F22EE10A2607BD0B0081BB13 /* SaveToFirebase.swift */; };
		F26F109725FFBFBE001A6114 /* AppDelegate.swift in Sources */ = {isa = PBXBuildFile; fileRef = F26F109625FFBFBE001A6114 /* AppDelegate.swift */; };
		F26F109925FFBFBE001A6114 /* ViewController.swift in Sources */ = {isa = PBXBuildFile; fileRef = F26F109825FFBFBE001A6114 /* ViewController.swift */; };
		F26F109B25FFBFC0001A6114 /* Assets.xcassets in Resources */ = {isa = PBXBuildFile; fileRef = F26F109A25FFBFC0001A6114 /* Assets.xcassets */; };
		F26F109E25FFBFC0001A6114 /* Main.storyboard in Resources */ = {isa = PBXBuildFile; fileRef = F26F109C25FFBFC0001A6114 /* Main.storyboard */; };
		F26F10AB25FFC1B5001A6114 /* FirebaseCrashlytics in Frameworks */ = {isa = PBXBuildFile; productRef = F26F10AA25FFC1B5001A6114 /* FirebaseCrashlytics */; };
		F26F10AD25FFC1B5001A6114 /* FirebaseAuth in Frameworks */ = {isa = PBXBuildFile; productRef = F26F10AC25FFC1B5001A6114 /* FirebaseAuth */; };
		F26F10AF25FFC1B5001A6114 /* FirebaseDatabase in Frameworks */ = {isa = PBXBuildFile; productRef = F26F10AE25FFC1B5001A6114 /* FirebaseDatabase */; };
		F26F10B325FFC286001A6114 /* SwiftSoup in Frameworks */ = {isa = PBXBuildFile; productRef = F26F10B225FFC286001A6114 /* SwiftSoup */; };
		F26F10B625FFC34A001A6114 /* GoogleService-Info.plist in Resources */ = {isa = PBXBuildFile; fileRef = F26F10B525FFC34A001A6114 /* GoogleService-Info.plist */; };
		F26F10C425FFCB42001A6114 /* LocalUser.swift in Sources */ = {isa = PBXBuildFile; fileRef = F26F10C125FFCB42001A6114 /* LocalUser.swift */; };
		F26F10C525FFCB42001A6114 /* ParserFromNY.swift in Sources */ = {isa = PBXBuildFile; fileRef = F26F10C225FFCB42001A6114 /* ParserFromNY.swift */; };
		F26F10C625FFCB42001A6114 /* News.swift in Sources */ = {isa = PBXBuildFile; fileRef = F26F10C325FFCB42001A6114 /* News.swift */; };
/* End PBXBuildFile section */

/* Begin PBXFileReference section */
		F22EE10A2607BD0B0081BB13 /* SaveToFirebase.swift */ = {isa = PBXFileReference; lastKnownFileType = sourcecode.swift; path = SaveToFirebase.swift; sourceTree = "<group>"; };
		F26F109325FFBFBE001A6114 /* NewsParser.app */ = {isa = PBXFileReference; explicitFileType = wrapper.application; includeInIndex = 0; path = NewsParser.app; sourceTree = BUILT_PRODUCTS_DIR; };
		F26F109625FFBFBE001A6114 /* AppDelegate.swift */ = {isa = PBXFileReference; lastKnownFileType = sourcecode.swift; path = AppDelegate.swift; sourceTree = "<group>"; };
		F26F109825FFBFBE001A6114 /* ViewController.swift */ = {isa = PBXFileReference; lastKnownFileType = sourcecode.swift; path = ViewController.swift; sourceTree = "<group>"; };
		F26F109A25FFBFC0001A6114 /* Assets.xcassets */ = {isa = PBXFileReference; lastKnownFileType = folder.assetcatalog; path = Assets.xcassets; sourceTree = "<group>"; };
		F26F109D25FFBFC0001A6114 /* Base */ = {isa = PBXFileReference; lastKnownFileType = file.storyboard; name = Base; path = Base.lproj/Main.storyboard; sourceTree = "<group>"; };
		F26F109F25FFBFC0001A6114 /* Info.plist */ = {isa = PBXFileReference; lastKnownFileType = text.plist.xml; path = Info.plist; sourceTree = "<group>"; };
		F26F10A025FFBFC0001A6114 /* NewsParser.entitlements */ = {isa = PBXFileReference; lastKnownFileType = text.plist.entitlements; path = NewsParser.entitlements; sourceTree = "<group>"; };
		F26F10B525FFC34A001A6114 /* GoogleService-Info.plist */ = {isa = PBXFileReference; fileEncoding = 4; lastKnownFileType = text.plist.xml; path = "GoogleService-Info.plist"; sourceTree = "<group>"; };
		F26F10C125FFCB42001A6114 /* LocalUser.swift */ = {isa = PBXFileReference; fileEncoding = 4; lastKnownFileType = sourcecode.swift; path = LocalUser.swift; sourceTree = "<group>"; };
		F26F10C225FFCB42001A6114 /* ParserFromNY.swift */ = {isa = PBXFileReference; fileEncoding = 4; lastKnownFileType = sourcecode.swift; path = ParserFromNY.swift; sourceTree = "<group>"; };
		F26F10C325FFCB42001A6114 /* News.swift */ = {isa = PBXFileReference; fileEncoding = 4; lastKnownFileType = sourcecode.swift; path = News.swift; sourceTree = "<group>"; };
/* End PBXFileReference section */

/* Begin PBXFrameworksBuildPhase section */
		F26F109025FFBFBE001A6114 /* Frameworks */ = {
			isa = PBXFrameworksBuildPhase;
			buildActionMask = 2147483647;
			files = (
				F26F10AD25FFC1B5001A6114 /* FirebaseAuth in Frameworks */,
				F26F10AF25FFC1B5001A6114 /* FirebaseDatabase in Frameworks */,
				F26F10AB25FFC1B5001A6114 /* FirebaseCrashlytics in Frameworks */,
				F26F10B325FFC286001A6114 /* SwiftSoup in Frameworks */,
			);
			runOnlyForDeploymentPostprocessing = 0;
		};
/* End PBXFrameworksBuildPhase section */

/* Begin PBXGroup section */
		F26F108A25FFBFBE001A6114 = {
			isa = PBXGroup;
			children = (
				F26F109525FFBFBE001A6114 /* NewsParser */,
				F26F109425FFBFBE001A6114 /* Products */,
			);
			sourceTree = "<group>";
		};
		F26F109425FFBFBE001A6114 /* Products */ = {
			isa = PBXGroup;
			children = (
				F26F109325FFBFBE001A6114 /* NewsParser.app */,
			);
			name = Products;
			sourceTree = "<group>";
		};
		F26F109525FFBFBE001A6114 /* NewsParser */ = {
			isa = PBXGroup;
			children = (
				F26F10C025FFCB42001A6114 /* Models */,
				F26F10BD25FFCA49001A6114 /* Supporting files */,
				F26F10BC25FFCA0B001A6114 /* Controllers */,
				F26F109F25FFBFC0001A6114 /* Info.plist */,
				F26F10B525FFC34A001A6114 /* GoogleService-Info.plist */,
				F26F10A025FFBFC0001A6114 /* NewsParser.entitlements */,
			);
			path = NewsParser;
			sourceTree = "<group>";
		};
		F26F10BC25FFCA0B001A6114 /* Controllers */ = {
			isa = PBXGroup;
			children = (
				F26F109825FFBFBE001A6114 /* ViewController.swift */,
			);
			path = Controllers;
			sourceTree = "<group>";
		};
		F26F10BD25FFCA49001A6114 /* Supporting files */ = {
			isa = PBXGroup;
			children = (
				F26F109625FFBFBE001A6114 /* AppDelegate.swift */,
				F26F109A25FFBFC0001A6114 /* Assets.xcassets */,
				F26F109C25FFBFC0001A6114 /* Main.storyboard */,
			);
			path = "Supporting files";
			sourceTree = "<group>";
		};
		F26F10C025FFCB42001A6114 /* Models */ = {
			isa = PBXGroup;
			children = (
				F26F10C125FFCB42001A6114 /* LocalUser.swift */,
				F26F10C225FFCB42001A6114 /* ParserFromNY.swift */,
				F26F10C325FFCB42001A6114 /* News.swift */,
				F22EE10A2607BD0B0081BB13 /* SaveToFirebase.swift */,
			);
			path = Models;
			sourceTree = "<group>";
		};
/* End PBXGroup section */

/* Begin PBXNativeTarget section */
		F26F109225FFBFBE001A6114 /* NewsParser */ = {
			isa = PBXNativeTarget;
			buildConfigurationList = F26F10A325FFBFC0001A6114 /* Build configuration list for PBXNativeTarget "NewsParser" */;
			buildPhases = (
				F26F108F25FFBFBE001A6114 /* Sources */,
				F26F109025FFBFBE001A6114 /* Frameworks */,
				F26F109125FFBFBE001A6114 /* Resources */,
			);
			buildRules = (
			);
			dependencies = (
			);
			name = NewsParser;
			packageProductDependencies = (
				F26F10AA25FFC1B5001A6114 /* FirebaseCrashlytics */,
				F26F10AC25FFC1B5001A6114 /* FirebaseAuth */,
				F26F10AE25FFC1B5001A6114 /* FirebaseDatabase */,
				F26F10B225FFC286001A6114 /* SwiftSoup */,
			);
			productName = NewsParser;
			productReference = F26F109325FFBFBE001A6114 /* NewsParser.app */;
			productType = "com.apple.product-type.application";
		};
/* End PBXNativeTarget section */

/* Begin PBXProject section */
		F26F108B25FFBFBE001A6114 /* Project object */ = {
			isa = PBXProject;
			attributes = {
				LastSwiftUpdateCheck = 1240;
				LastUpgradeCheck = 1240;
				TargetAttributes = {
					F26F109225FFBFBE001A6114 = {
						CreatedOnToolsVersion = 12.4;
					};
				};
			};
			buildConfigurationList = F26F108E25FFBFBE001A6114 /* Build configuration list for PBXProject "NewsParser" */;
			compatibilityVersion = "Xcode 9.3";
			developmentRegion = en;
			hasScannedForEncodings = 0;
			knownRegions = (
				en,
				Base,
			);
			mainGroup = F26F108A25FFBFBE001A6114;
			packageReferences = (
				F26F10A725FFC1B5001A6114 /* XCRemoteSwiftPackageReference "firebase-ios-sdk" */,
				F26F10B125FFC285001A6114 /* XCRemoteSwiftPackageReference "SwiftSoup" */,
			);
			productRefGroup = F26F109425FFBFBE001A6114 /* Products */;
			projectDirPath = "";
			projectRoot = "";
			targets = (
				F26F109225FFBFBE001A6114 /* NewsParser */,
			);
		};
/* End PBXProject section */

/* Begin PBXResourcesBuildPhase section */
		F26F109125FFBFBE001A6114 /* Resources */ = {
			isa = PBXResourcesBuildPhase;
			buildActionMask = 2147483647;
			files = (
				F26F109B25FFBFC0001A6114 /* Assets.xcassets in Resources */,
				F26F109E25FFBFC0001A6114 /* Main.storyboard in Resources */,
				F26F10B625FFC34A001A6114 /* GoogleService-Info.plist in Resources */,
			);
			runOnlyForDeploymentPostprocessing = 0;
		};
/* End PBXResourcesBuildPhase section */

/* Begin PBXSourcesBuildPhase section */
		F26F108F25FFBFBE001A6114 /* Sources */ = {
			isa = PBXSourcesBuildPhase;
			buildActionMask = 2147483647;
			files = (
				F26F109925FFBFBE001A6114 /* ViewController.swift in Sources */,
				F26F10C525FFCB42001A6114 /* ParserFromNY.swift in Sources */,
				F26F10C425FFCB42001A6114 /* LocalUser.swift in Sources */,
				F26F10C625FFCB42001A6114 /* News.swift in Sources */,
				F22EE10B2607BD0B0081BB13 /* SaveToFirebase.swift in Sources */,
				F26F109725FFBFBE001A6114 /* AppDelegate.swift in Sources */,
			);
			runOnlyForDeploymentPostprocessing = 0;
		};
/* End PBXSourcesBuildPhase section */

/* Begin PBXVariantGroup section */
		F26F109C25FFBFC0001A6114 /* Main.storyboard */ = {
			isa = PBXVariantGroup;
			children = (
				F26F109D25FFBFC0001A6114 /* Base */,
			);
			name = Main.storyboard;
			sourceTree = "<group>";
		};
/* End PBXVariantGroup section */

/* Begin XCBuildConfiguration section */
		F26F10A125FFBFC0001A6114 /* Debug */ = {
			isa = XCBuildConfiguration;
			buildSettings = {
				ALWAYS_SEARCH_USER_PATHS = NO;
				CLANG_ANALYZER_NONNULL = YES;
				CLANG_ANALYZER_NUMBER_OBJECT_CONVERSION = YES_AGGRESSIVE;
				CLANG_CXX_LANGUAGE_STANDARD = "gnu++14";
				CLANG_CXX_LIBRARY = "libc++";
				CLANG_ENABLE_MODULES = YES;
				CLANG_ENABLE_OBJC_ARC = YES;
				CLANG_ENABLE_OBJC_WEAK = YES;
				CLANG_WARN_BLOCK_CAPTURE_AUTORELEASING = YES;
				CLANG_WARN_BOOL_CONVERSION = YES;
				CLANG_WARN_COMMA = YES;
				CLANG_WARN_CONSTANT_CONVERSION = YES;
				CLANG_WARN_DEPRECATED_OBJC_IMPLEMENTATIONS = YES;
				CLANG_WARN_DIRECT_OBJC_ISA_USAGE = YES_ERROR;
				CLANG_WARN_DOCUMENTATION_COMMENTS = YES;
				CLANG_WARN_EMPTY_BODY = YES;
				CLANG_WARN_ENUM_CONVERSION = YES;
				CLANG_WARN_INFINITE_RECURSION = YES;
				CLANG_WARN_INT_CONVERSION = YES;
				CLANG_WARN_NON_LITERAL_NULL_CONVERSION = YES;
				CLANG_WARN_OBJC_IMPLICIT_RETAIN_SELF = YES;
				CLANG_WARN_OBJC_LITERAL_CONVERSION = YES;
				CLANG_WARN_OBJC_ROOT_CLASS = YES_ERROR;
				CLANG_WARN_QUOTED_INCLUDE_IN_FRAMEWORK_HEADER = YES;
				CLANG_WARN_RANGE_LOOP_ANALYSIS = YES;
				CLANG_WARN_STRICT_PROTOTYPES = YES;
				CLANG_WARN_SUSPICIOUS_MOVE = YES;
				CLANG_WARN_UNGUARDED_AVAILABILITY = YES_AGGRESSIVE;
				CLANG_WARN_UNREACHABLE_CODE = YES;
				CLANG_WARN__DUPLICATE_METHOD_MATCH = YES;
				COPY_PHASE_STRIP = NO;
				DEBUG_INFORMATION_FORMAT = dwarf;
				ENABLE_STRICT_OBJC_MSGSEND = YES;
				ENABLE_TESTABILITY = YES;
				FRAMEWORK_SEARCH_PATHS = "$(inherited)";
				GCC_C_LANGUAGE_STANDARD = gnu11;
				GCC_DYNAMIC_NO_PIC = NO;
				GCC_NO_COMMON_BLOCKS = YES;
				GCC_OPTIMIZATION_LEVEL = 0;
				GCC_PREPROCESSOR_DEFINITIONS = (
					"DEBUG=1",
					"$(inherited)",
				);
				GCC_WARN_64_TO_32_BIT_CONVERSION = YES;
				GCC_WARN_ABOUT_RETURN_TYPE = YES_ERROR;
				GCC_WARN_UNDECLARED_SELECTOR = YES;
				GCC_WARN_UNINITIALIZED_AUTOS = YES_AGGRESSIVE;
				GCC_WARN_UNUSED_FUNCTION = YES;
				GCC_WARN_UNUSED_VARIABLE = YES;
				HEADER_SEARCH_PATHS = "$(inherited)";
				MACOSX_DEPLOYMENT_TARGET = 11.1;
				MTL_ENABLE_DEBUG_INFO = INCLUDE_SOURCE;
				MTL_FAST_MATH = YES;
				ONLY_ACTIVE_ARCH = YES;
				SDKROOT = macosx;
				SWIFT_ACTIVE_COMPILATION_CONDITIONS = DEBUG;
				SWIFT_OPTIMIZATION_LEVEL = "-Onone";
			};
			name = Debug;
		};
		F26F10A225FFBFC0001A6114 /* Release */ = {
			isa = XCBuildConfiguration;
			buildSettings = {
				ALWAYS_SEARCH_USER_PATHS = NO;
				CLANG_ANALYZER_NONNULL = YES;
				CLANG_ANALYZER_NUMBER_OBJECT_CONVERSION = YES_AGGRESSIVE;
				CLANG_CXX_LANGUAGE_STANDARD = "gnu++14";
				CLANG_CXX_LIBRARY = "libc++";
				CLANG_ENABLE_MODULES = YES;
				CLANG_ENABLE_OBJC_ARC = YES;
				CLANG_ENABLE_OBJC_WEAK = YES;
				CLANG_WARN_BLOCK_CAPTURE_AUTORELEASING = YES;
				CLANG_WARN_BOOL_CONVERSION = YES;
				CLANG_WARN_COMMA = YES;
				CLANG_WARN_CONSTANT_CONVERSION = YES;
				CLANG_WARN_DEPRECATED_OBJC_IMPLEMENTATIONS = YES;
				CLANG_WARN_DIRECT_OBJC_ISA_USAGE = YES_ERROR;
				CLANG_WARN_DOCUMENTATION_COMMENTS = YES;
				CLANG_WARN_EMPTY_BODY = YES;
				CLANG_WARN_ENUM_CONVERSION = YES;
				CLANG_WARN_INFINITE_RECURSION = YES;
				CLANG_WARN_INT_CONVERSION = YES;
				CLANG_WARN_NON_LITERAL_NULL_CONVERSION = YES;
				CLANG_WARN_OBJC_IMPLICIT_RETAIN_SELF = YES;
				CLANG_WARN_OBJC_LITERAL_CONVERSION = YES;
				CLANG_WARN_OBJC_ROOT_CLASS = YES_ERROR;
				CLANG_WARN_QUOTED_INCLUDE_IN_FRAMEWORK_HEADER = YES;
				CLANG_WARN_RANGE_LOOP_ANALYSIS = YES;
				CLANG_WARN_STRICT_PROTOTYPES = YES;
				CLANG_WARN_SUSPICIOUS_MOVE = YES;
				CLANG_WARN_UNGUARDED_AVAILABILITY = YES_AGGRESSIVE;
				CLANG_WARN_UNREACHABLE_CODE = YES;
				CLANG_WARN__DUPLICATE_METHOD_MATCH = YES;
				COPY_PHASE_STRIP = NO;
				DEBUG_INFORMATION_FORMAT = "dwarf-with-dsym";
				ENABLE_NS_ASSERTIONS = NO;
				ENABLE_STRICT_OBJC_MSGSEND = YES;
				FRAMEWORK_SEARCH_PATHS = "$(inherited)";
				GCC_C_LANGUAGE_STANDARD = gnu11;
				GCC_NO_COMMON_BLOCKS = YES;
				GCC_WARN_64_TO_32_BIT_CONVERSION = YES;
				GCC_WARN_ABOUT_RETURN_TYPE = YES_ERROR;
				GCC_WARN_UNDECLARED_SELECTOR = YES;
				GCC_WARN_UNINITIALIZED_AUTOS = YES_AGGRESSIVE;
				GCC_WARN_UNUSED_FUNCTION = YES;
				GCC_WARN_UNUSED_VARIABLE = YES;
				HEADER_SEARCH_PATHS = "$(inherited)";
				MACOSX_DEPLOYMENT_TARGET = 11.1;
				MTL_ENABLE_DEBUG_INFO = NO;
				MTL_FAST_MATH = YES;
				SDKROOT = macosx;
				SWIFT_COMPILATION_MODE = wholemodule;
				SWIFT_OPTIMIZATION_LEVEL = "-O";
			};
			name = Release;
		};
		F26F10A425FFBFC0001A6114 /* Debug */ = {
			isa = XCBuildConfiguration;
			buildSettings = {
				ASSETCATALOG_COMPILER_APPICON_NAME = AppIcon;
				ASSETCATALOG_COMPILER_GLOBAL_ACCENT_COLOR_NAME = AccentColor;
				CODE_SIGN_ENTITLEMENTS = NewsParser/NewsParser.entitlements;
				CODE_SIGN_STYLE = Automatic;
				COMBINE_HIDPI_IMAGES = YES;
				DEVELOPMENT_TEAM = 53J8TRD2C8;
				ENABLE_HARDENED_RUNTIME = YES;
				INFOPLIST_FILE = NewsParser/Info.plist;
				LD_RUNPATH_SEARCH_PATHS = (
					"$(inherited)",
					"@executable_path/../Frameworks",
				);
				PRODUCT_BUNDLE_IDENTIFIER = "Dmitri-Breshchuk.NewsParser";
				PRODUCT_NAME = "$(TARGET_NAME)";
				SWIFT_VERSION = 5.0;
			};
			name = Debug;
		};
		F26F10A525FFBFC0001A6114 /* Release */ = {
			isa = XCBuildConfiguration;
			buildSettings = {
				ASSETCATALOG_COMPILER_APPICON_NAME = AppIcon;
				ASSETCATALOG_COMPILER_GLOBAL_ACCENT_COLOR_NAME = AccentColor;
				CODE_SIGN_ENTITLEMENTS = NewsParser/NewsParser.entitlements;
				CODE_SIGN_STYLE = Automatic;
				COMBINE_HIDPI_IMAGES = YES;
				DEVELOPMENT_TEAM = 53J8TRD2C8;
				ENABLE_HARDENED_RUNTIME = YES;
				INFOPLIST_FILE = NewsParser/Info.plist;
				LD_RUNPATH_SEARCH_PATHS = (
					"$(inherited)",
					"@executable_path/../Frameworks",
				);
				PRODUCT_BUNDLE_IDENTIFIER = "Dmitri-Breshchuk.NewsParser";
				PRODUCT_NAME = "$(TARGET_NAME)";
				SWIFT_VERSION = 5.0;
			};
			name = Release;
		};
/* End XCBuildConfiguration section */

/* Begin XCConfigurationList section */
		F26F108E25FFBFBE001A6114 /* Build configuration list for PBXProject "NewsParser" */ = {
			isa = XCConfigurationList;
			buildConfigurations = (
				F26F10A125FFBFC0001A6114 /* Debug */,
				F26F10A225FFBFC0001A6114 /* Release */,
			);
			defaultConfigurationIsVisible = 0;
			defaultConfigurationName = Release;
		};
		F26F10A325FFBFC0001A6114 /* Build configuration list for PBXNativeTarget "NewsParser" */ = {
			isa = XCConfigurationList;
			buildConfigurations = (
				F26F10A425FFBFC0001A6114 /* Debug */,
				F26F10A525FFBFC0001A6114 /* Release */,
			);
			defaultConfigurationIsVisible = 0;
			defaultConfigurationName = Release;
		};
/* End XCConfigurationList section */

/* Begin XCRemoteSwiftPackageReference section */
		F26F10A725FFC1B5001A6114 /* XCRemoteSwiftPackageReference "firebase-ios-sdk" */ = {
			isa = XCRemoteSwiftPackageReference;
			repositoryURL = "https://github.com/firebase/firebase-ios-sdk.git";
			requirement = {
				kind = upToNextMajorVersion;
				minimumVersion = 7.8.1;
			};
		};
		F26F10B125FFC285001A6114 /* XCRemoteSwiftPackageReference "SwiftSoup" */ = {
			isa = XCRemoteSwiftPackageReference;
			repositoryURL = "https://github.com/scinfu/SwiftSoup.git";
			requirement = {
				kind = upToNextMajorVersion;
				minimumVersion = 2.3.2;
			};
		};
/* End XCRemoteSwiftPackageReference section */

/* Begin XCSwiftPackageProductDependency section */
		F26F10AA25FFC1B5001A6114 /* FirebaseCrashlytics */ = {
			isa = XCSwiftPackageProductDependency;
			package = F26F10A725FFC1B5001A6114 /* XCRemoteSwiftPackageReference "firebase-ios-sdk" */;
			productName = FirebaseCrashlytics;
		};
		F26F10AC25FFC1B5001A6114 /* FirebaseAuth */ = {
			isa = XCSwiftPackageProductDependency;
			package = F26F10A725FFC1B5001A6114 /* XCRemoteSwiftPackageReference "firebase-ios-sdk" */;
			productName = FirebaseAuth;
		};
		F26F10AE25FFC1B5001A6114 /* FirebaseDatabase */ = {
			isa = XCSwiftPackageProductDependency;
			package = F26F10A725FFC1B5001A6114 /* XCRemoteSwiftPackageReference "firebase-ios-sdk" */;
			productName = FirebaseDatabase;
		};
		F26F10B225FFC286001A6114 /* SwiftSoup */ = {
			isa = XCSwiftPackageProductDependency;
			package = F26F10B125FFC285001A6114 /* XCRemoteSwiftPackageReference "SwiftSoup" */;
			productName = SwiftSoup;
		};
/* End XCSwiftPackageProductDependency section */
	};
	rootObject = F26F108B25FFBFBE001A6114 /* Project object */;
}
